{
  "name": "antigravity-auto-submit",
  "version": "1.3.0",
  "lockfileVersion": 3,
  "requires": true,
  "packages": {
    "": {
      "name": "antigravity-auto-submit",
      "version": "1.3.0",
      "license": "MIT",
      "bin": {
        "antigravity-auto-accept": "auto-accept.js",
        "auto-accept": "auto-accept.js"
      },
      "engines": {
        "node": ">=18.0.0"
      }
    }
  }
}
